
Microsoft Visual Studio Solution File, Format Version 12.00
# Visual Studio Version 17
VisualStudioVersion = 17.3.32922.545
MinimumVisualStudioVersion = 10.0.40219.1
Project("{FAE04EC0-301F-11D3-BF4B-00C04F79EFBC}") = "X_O", "X_O\X_O.csproj", "{08D95C94-6105-4321-BEA2-F343403A70DA}"
EndProject
Global
	GlobalSection(SolutionConfigurationPlatforms) = preSolution
		Debug|Any CPU = Debug|Any CPU
		Release|Any CPU = Release|Any CPU
	EndGlobalSection
	GlobalSection(ProjectConfigurationPlatforms) = postSolution
		{08D95C94-6105-4321-BEA2-F343403A70DA}.Debug|Any CPU.ActiveCfg = Debug|Any CPU
		{08D95C94-6105-4321-BEA2-F343403A70DA}.Debug|Any CPU.Build.0 = Debug|Any CPU
		{08D95C94-6105-4321-BEA2-F343403A70DA}.Release|Any CPU.ActiveCfg = Release|Any CPU
		{08D95C94-6105-4321-BEA2-F343403A70DA}.Release|Any CPU.Build.0 = Release|Any CPU
	EndGlobalSection
	GlobalSection(SolutionProperties) = preSolution
		HideSolutionNode = FALSE
	EndGlobalSection
	GlobalSection(ExtensibilityGlobals) = postSolution
		SolutionGuid = {63AEEEBC-1382-4B35-82B0-5F7EB8A8289D}
	EndGlobalSection
EndGlobal
